
Microsoft Visual Studio Solution File, Format Version 12.00
# Visual Studio Version 16
VisualStudioVersion = 16.0.30320.27
MinimumVisualStudioVersion = 10.0.40219.1
Project("{8BC9CEB8-8B4A-11D0-8D11-00A0C91BC942}") = "Ipcpp.lib", "Ipcpp.lib\Ipcpp.lib.vcxproj", "{EE20D364-4663-4536-B76C-3416979F9663}"
EndProject
Global
	GlobalSection(SolutionConfigurationPlatforms) = preSolution
		Debug|x64 = Debug|x64
		Debug|x86 = Debug|x86
		Release|x64 = Release|x64
		Release|x86 = Release|x86
	EndGlobalSection
	GlobalSection(ProjectConfigurationPlatforms) = postSolution
		{EE20D364-4663-4536-B76C-3416979F9663}.Debug|x64.ActiveCfg = Debug|x64
		{EE20D364-4663-4536-B76C-3416979F9663}.Debug|x64.Build.0 = Debug|x64
		{EE20D364-4663-4536-B76C-3416979F9663}.Debug|x86.ActiveCfg = Debug|Win32
		{EE20D364-4663-4536-B76C-3416979F9663}.Debug|x86.Build.0 = Debug|Win32
		{EE20D364-4663-4536-B76C-3416979F9663}.Release|x64.ActiveCfg = Release|x64
		{EE20D364-4663-4536-B76C-3416979F9663}.Release|x64.Build.0 = Release|x64
		{EE20D364-4663-4536-B76C-3416979F9663}.Release|x86.ActiveCfg = Release|Win32
		{EE20D364-4663-4536-B76C-3416979F9663}.Release|x86.Build.0 = Release|Win32
	EndGlobalSection
	GlobalSection(SolutionProperties) = preSolution
		HideSolutionNode = FALSE
	EndGlobalSection
	GlobalSection(ExtensibilityGlobals) = postSolution
		SolutionGuid = {B1AE4EB0-E8E3-4C81-93E8-415EA1BD63B4}
	EndGlobalSection
EndGlobal
